
Microsoft Visual Studio Solution File, Format Version 12.00
# Visual Studio Version 17
VisualStudioVersion = 17.8.34322.80
MinimumVisualStudioVersion = 10.0.40219.1
Project("{FAE04EC0-301F-11D3-BF4B-00C04F79EFBC}") = "AfsluttendeOpgave", "AfsluttendeOpgave\AfsluttendeOpgave.csproj", "{451C5F7E-EC16-4DAB-A180-E95E40BC1029}"
EndProject
Global
	GlobalSection(SolutionConfigurationPlatforms) = preSolution
		Debug|Any CPU = Debug|Any CPU
		Release|Any CPU = Release|Any CPU
	EndGlobalSection
	GlobalSection(ProjectConfigurationPlatforms) = postSolution
		{451C5F7E-EC16-4DAB-A180-E95E40BC1029}.Debug|Any CPU.ActiveCfg = Debug|Any CPU
		{451C5F7E-EC16-4DAB-A180-E95E40BC1029}.Debug|Any CPU.Build.0 = Debug|Any CPU
		{451C5F7E-EC16-4DAB-A180-E95E40BC1029}.Release|Any CPU.ActiveCfg = Release|Any CPU
		{451C5F7E-EC16-4DAB-A180-E95E40BC1029}.Release|Any CPU.Build.0 = Release|Any CPU
	EndGlobalSection
	GlobalSection(SolutionProperties) = preSolution
		HideSolutionNode = FALSE
	EndGlobalSection
	GlobalSection(ExtensibilityGlobals) = postSolution
		SolutionGuid = {02B88C87-FDBC-41CF-8F9C-E5D515053364}
	EndGlobalSection
EndGlobal
